
Microsoft Visual Studio Solution File, Format Version 12.00
# Visual Studio 14
VisualStudioVersion = 14.0.24720.0
MinimumVisualStudioVersion = 10.0.40219.1
Project("{FAE04EC0-301F-11D3-BF4B-00C04F79EFBC}") = "LearningC_Sharp", "LearningC_Sharp\LearningC_Sharp.csproj", "{93BF8344-7542-434D-BD5C-2459658CF7FF}"
EndProject
Project("{FAE04EC0-301F-11D3-BF4B-00C04F79EFBC}") = "CustomeValidationAttribute", "CustomeValidationAttribute\CustomeValidationAttribute.csproj", "{0311924D-2A61-44FD-8EB9-91AAE7FA5C44}"
EndProject
Global
	GlobalSection(SolutionConfigurationPlatforms) = preSolution
		Debug|Any CPU = Debug|Any CPU
		Release|Any CPU = Release|Any CPU
	EndGlobalSection
	GlobalSection(ProjectConfigurationPlatforms) = postSolution
		{93BF8344-7542-434D-BD5C-2459658CF7FF}.Debug|Any CPU.ActiveCfg = Debug|Any CPU
		{93BF8344-7542-434D-BD5C-2459658CF7FF}.Debug|Any CPU.Build.0 = Debug|Any CPU
		{93BF8344-7542-434D-BD5C-2459658CF7FF}.Release|Any CPU.ActiveCfg = Release|Any CPU
		{93BF8344-7542-434D-BD5C-2459658CF7FF}.Release|Any CPU.Build.0 = Release|Any CPU
		{0311924D-2A61-44FD-8EB9-91AAE7FA5C44}.Debug|Any CPU.ActiveCfg = Debug|Any CPU
		{0311924D-2A61-44FD-8EB9-91AAE7FA5C44}.Debug|Any CPU.Build.0 = Debug|Any CPU
		{0311924D-2A61-44FD-8EB9-91AAE7FA5C44}.Release|Any CPU.ActiveCfg = Release|Any CPU
		{0311924D-2A61-44FD-8EB9-91AAE7FA5C44}.Release|Any CPU.Build.0 = Release|Any CPU
	EndGlobalSection
	GlobalSection(SolutionProperties) = preSolution
		HideSolutionNode = FALSE
	EndGlobalSection
EndGlobal
