
Microsoft Visual Studio Solution File, Format Version 12.00
# Visual Studio 14
VisualStudioVersion = 14.0.24720.0
MinimumVisualStudioVersion = 10.0.40219.1
Project("{FAE04EC0-301F-11D3-BF4B-00C04F79EFBC}") = "OnlineBazarDAL", "OnlineBazarDAL\OnlineBazarDAL.csproj", "{05CB2324-A33C-477C-B61D-D481F19BFFF5}"
EndProject
Project("{FAE04EC0-301F-11D3-BF4B-00C04F79EFBC}") = "TestApp", "TestApp\TestApp.csproj", "{90C9F1E7-1BC7-4982-8206-C3D0232EB6C9}"
EndProject
Project("{FAE04EC0-301F-11D3-BF4B-00C04F79EFBC}") = "OnlineBazarWebApp", "OnlineBazarWebApp\OnlineBazarWebApp.csproj", "{6E19845D-9CB5-49AA-9862-C52AE730B006}"
EndProject
Global
	GlobalSection(SolutionConfigurationPlatforms) = preSolution
		Debug|Any CPU = Debug|Any CPU
		Release|Any CPU = Release|Any CPU
	EndGlobalSection
	GlobalSection(ProjectConfigurationPlatforms) = postSolution
		{05CB2324-A33C-477C-B61D-D481F19BFFF5}.Debug|Any CPU.ActiveCfg = Debug|Any CPU
		{05CB2324-A33C-477C-B61D-D481F19BFFF5}.Debug|Any CPU.Build.0 = Debug|Any CPU
		{05CB2324-A33C-477C-B61D-D481F19BFFF5}.Release|Any CPU.ActiveCfg = Release|Any CPU
		{05CB2324-A33C-477C-B61D-D481F19BFFF5}.Release|Any CPU.Build.0 = Release|Any CPU
		{90C9F1E7-1BC7-4982-8206-C3D0232EB6C9}.Debug|Any CPU.ActiveCfg = Debug|Any CPU
		{90C9F1E7-1BC7-4982-8206-C3D0232EB6C9}.Debug|Any CPU.Build.0 = Debug|Any CPU
		{90C9F1E7-1BC7-4982-8206-C3D0232EB6C9}.Release|Any CPU.ActiveCfg = Release|Any CPU
		{90C9F1E7-1BC7-4982-8206-C3D0232EB6C9}.Release|Any CPU.Build.0 = Release|Any CPU
		{6E19845D-9CB5-49AA-9862-C52AE730B006}.Debug|Any CPU.ActiveCfg = Debug|Any CPU
		{6E19845D-9CB5-49AA-9862-C52AE730B006}.Debug|Any CPU.Build.0 = Debug|Any CPU
		{6E19845D-9CB5-49AA-9862-C52AE730B006}.Release|Any CPU.ActiveCfg = Release|Any CPU
		{6E19845D-9CB5-49AA-9862-C52AE730B006}.Release|Any CPU.Build.0 = Release|Any CPU
	EndGlobalSection
	GlobalSection(SolutionProperties) = preSolution
		HideSolutionNode = FALSE
	EndGlobalSection
EndGlobal
