
Microsoft Visual Studio Solution File, Format Version 12.00
# Visual Studio 14
VisualStudioVersion = 14.0.24720.0
MinimumVisualStudioVersion = 10.0.40219.1
Project("{FAE04EC0-301F-11D3-BF4B-00C04F79EFBC}") = "ConsoleProperty", "ConsoleProperty\ConsoleProperty.csproj", "{4CBFEBC5-814C-468A-8C38-55EB781446CA}"
EndProject
Project("{FAE04EC0-301F-11D3-BF4B-00C04F79EFBC}") = "MVC5Property", "MVC5Property\MVC5Property.csproj", "{9FB4450C-A65F-449C-AE38-AFBCE8CAA35E}"
EndProject
Global
	GlobalSection(SolutionConfigurationPlatforms) = preSolution
		Debug|Any CPU = Debug|Any CPU
		Release|Any CPU = Release|Any CPU
	EndGlobalSection
	GlobalSection(ProjectConfigurationPlatforms) = postSolution
		{4CBFEBC5-814C-468A-8C38-55EB781446CA}.Debug|Any CPU.ActiveCfg = Debug|Any CPU
		{4CBFEBC5-814C-468A-8C38-55EB781446CA}.Debug|Any CPU.Build.0 = Debug|Any CPU
		{4CBFEBC5-814C-468A-8C38-55EB781446CA}.Release|Any CPU.ActiveCfg = Release|Any CPU
		{4CBFEBC5-814C-468A-8C38-55EB781446CA}.Release|Any CPU.Build.0 = Release|Any CPU
		{9FB4450C-A65F-449C-AE38-AFBCE8CAA35E}.Debug|Any CPU.ActiveCfg = Debug|Any CPU
		{9FB4450C-A65F-449C-AE38-AFBCE8CAA35E}.Debug|Any CPU.Build.0 = Debug|Any CPU
		{9FB4450C-A65F-449C-AE38-AFBCE8CAA35E}.Release|Any CPU.ActiveCfg = Release|Any CPU
		{9FB4450C-A65F-449C-AE38-AFBCE8CAA35E}.Release|Any CPU.Build.0 = Release|Any CPU
	EndGlobalSection
	GlobalSection(SolutionProperties) = preSolution
		HideSolutionNode = FALSE
	EndGlobalSection
EndGlobal
